
Microsoft Visual Studio Solution File, Format Version 12.00
# Visual Studio Version 17
VisualStudioVersion = 17.8.34330.188
MinimumVisualStudioVersion = 10.0.40219.1
Project("{FAE04EC0-301F-11D3-BF4B-00C04F79EFBC}") = "FourierDemo", "FourierDemo\FourierDemo.csproj", "{734946CB-DD12-4745-8DEB-8DFB635A352C}"
EndProject
Global
	GlobalSection(SolutionConfigurationPlatforms) = preSolution
		Debug|Any CPU = Debug|Any CPU
		Release|Any CPU = Release|Any CPU
	EndGlobalSection
	GlobalSection(ProjectConfigurationPlatforms) = postSolution
		{734946CB-DD12-4745-8DEB-8DFB635A352C}.Debug|Any CPU.ActiveCfg = Debug|Any CPU
		{734946CB-DD12-4745-8DEB-8DFB635A352C}.Debug|Any CPU.Build.0 = Debug|Any CPU
		{734946CB-DD12-4745-8DEB-8DFB635A352C}.Release|Any CPU.ActiveCfg = Release|Any CPU
		{734946CB-DD12-4745-8DEB-8DFB635A352C}.Release|Any CPU.Build.0 = Release|Any CPU
	EndGlobalSection
	GlobalSection(SolutionProperties) = preSolution
		HideSolutionNode = FALSE
	EndGlobalSection
	GlobalSection(ExtensibilityGlobals) = postSolution
		SolutionGuid = {029739C3-390E-471D-9A45-119538D57B7C}
	EndGlobalSection
EndGlobal
